
Microsoft Visual Studio Solution File, Format Version 12.00
# Visual Studio Version 17
VisualStudioVersion = 17.3.32922.545
MinimumVisualStudioVersion = 10.0.40219.1
Project("{FAE04EC0-301F-11D3-BF4B-00C04F79EFBC}") = "lab1", "lab1\lab1.csproj", "{D4D8C33B-A69D-49C9-BE55-7CEFBFA43283}"
EndProject
Global
	GlobalSection(SolutionConfigurationPlatforms) = preSolution
		Debug|Any CPU = Debug|Any CPU
		Release|Any CPU = Release|Any CPU
	EndGlobalSection
	GlobalSection(ProjectConfigurationPlatforms) = postSolution
		{D4D8C33B-A69D-49C9-BE55-7CEFBFA43283}.Debug|Any CPU.ActiveCfg = Debug|Any CPU
		{D4D8C33B-A69D-49C9-BE55-7CEFBFA43283}.Debug|Any CPU.Build.0 = Debug|Any CPU
		{D4D8C33B-A69D-49C9-BE55-7CEFBFA43283}.Release|Any CPU.ActiveCfg = Release|Any CPU
		{D4D8C33B-A69D-49C9-BE55-7CEFBFA43283}.Release|Any CPU.Build.0 = Release|Any CPU
	EndGlobalSection
	GlobalSection(SolutionProperties) = preSolution
		HideSolutionNode = FALSE
	EndGlobalSection
	GlobalSection(ExtensibilityGlobals) = postSolution
		SolutionGuid = {85C06499-B3FC-44F0-BF24-BFD085B57D74}
	EndGlobalSection
EndGlobal
